
Microsoft Visual Studio Solution File, Format Version 12.00
# Visual Studio Version 17
VisualStudioVersion = 17.14.36310.24
MinimumVisualStudioVersion = 10.0.40219.1
Project("{FAE04EC0-301F-11D3-BF4B-00C04F79EFBC}") = "SistemaBancarioApp", "SistemaBancarioApp\SistemaBancarioApp.csproj", "{47A16F67-36A5-8227-F6A0-F88C93079EDF}"
EndProject
Project("{FAE04EC0-301F-11D3-BF4B-00C04F79EFBC}") = "SistemaAcademico", "SistemaAcademico\SistemaAcademico.csproj", "{F3A68FFD-C7F3-9863-6D18-0E1BB6D06F73}"
EndProject
Project("{FAE04EC0-301F-11D3-BF4B-00C04F79EFBC}") = "SistemaTipoATM", "SistemaTipoATM\SistemaTipoATM.csproj", "{ACE97DB7-FB13-68CD-6346-76D2BC4999DB}"
EndProject
Project("{FAE04EC0-301F-11D3-BF4B-00C04F79EFBC}") = "PrimerSistematico", "PrimerSistematico\PrimerSistematico.csproj", "{1D50F266-BD2C-E6FE-8D7A-9F94487DA602}"
EndProject
Project("{FAE04EC0-301F-11D3-BF4B-00C04F79EFBC}") = "Cajero", "Cajero\Cajero.csproj", "{99FF9C02-EE6A-4412-A1CA-579926028391}"
EndProject
Project("{FAE04EC0-301F-11D3-BF4B-00C04F79EFBC}") = "Dron", "Dron\Dron.csproj", "{44147910-93D4-4C65-A832-D745A8E9FF42}"
EndProject
Project("{FAE04EC0-301F-11D3-BF4B-00C04F79EFBC}") = "TercerSistematico", "TercerSistematico\TercerSistematico.csproj", "{8FA22E6A-6957-4A37-812A-D979F1537645}"
EndProject
Global
	GlobalSection(SolutionConfigurationPlatforms) = preSolution
		Debug|Any CPU = Debug|Any CPU
		Release|Any CPU = Release|Any CPU
	EndGlobalSection
	GlobalSection(ProjectConfigurationPlatforms) = postSolution
		{47A16F67-36A5-8227-F6A0-F88C93079EDF}.Debug|Any CPU.ActiveCfg = Debug|Any CPU
		{47A16F67-36A5-8227-F6A0-F88C93079EDF}.Debug|Any CPU.Build.0 = Debug|Any CPU
		{47A16F67-36A5-8227-F6A0-F88C93079EDF}.Release|Any CPU.ActiveCfg = Release|Any CPU
		{47A16F67-36A5-8227-F6A0-F88C93079EDF}.Release|Any CPU.Build.0 = Release|Any CPU
		{F3A68FFD-C7F3-9863-6D18-0E1BB6D06F73}.Debug|Any CPU.ActiveCfg = Debug|Any CPU
		{F3A68FFD-C7F3-9863-6D18-0E1BB6D06F73}.Debug|Any CPU.Build.0 = Debug|Any CPU
		{F3A68FFD-C7F3-9863-6D18-0E1BB6D06F73}.Release|Any CPU.ActiveCfg = Release|Any CPU
		{F3A68FFD-C7F3-9863-6D18-0E1BB6D06F73}.Release|Any CPU.Build.0 = Release|Any CPU
		{ACE97DB7-FB13-68CD-6346-76D2BC4999DB}.Debug|Any CPU.ActiveCfg = Debug|Any CPU
		{ACE97DB7-FB13-68CD-6346-76D2BC4999DB}.Debug|Any CPU.Build.0 = Debug|Any CPU
		{ACE97DB7-FB13-68CD-6346-76D2BC4999DB}.Release|Any CPU.ActiveCfg = Release|Any CPU
		{ACE97DB7-FB13-68CD-6346-76D2BC4999DB}.Release|Any CPU.Build.0 = Release|Any CPU
		{1D50F266-BD2C-E6FE-8D7A-9F94487DA602}.Debug|Any CPU.ActiveCfg = Debug|Any CPU
		{1D50F266-BD2C-E6FE-8D7A-9F94487DA602}.Debug|Any CPU.Build.0 = Debug|Any CPU
		{1D50F266-BD2C-E6FE-8D7A-9F94487DA602}.Release|Any CPU.ActiveCfg = Release|Any CPU
		{1D50F266-BD2C-E6FE-8D7A-9F94487DA602}.Release|Any CPU.Build.0 = Release|Any CPU
		{99FF9C02-EE6A-4412-A1CA-579926028391}.Debug|Any CPU.ActiveCfg = Debug|Any CPU
		{99FF9C02-EE6A-4412-A1CA-579926028391}.Debug|Any CPU.Build.0 = Debug|Any CPU
		{99FF9C02-EE6A-4412-A1CA-579926028391}.Release|Any CPU.ActiveCfg = Release|Any CPU
		{99FF9C02-EE6A-4412-A1CA-579926028391}.Release|Any CPU.Build.0 = Release|Any CPU
		{44147910-93D4-4C65-A832-D745A8E9FF42}.Debug|Any CPU.ActiveCfg = Debug|Any CPU
		{44147910-93D4-4C65-A832-D745A8E9FF42}.Debug|Any CPU.Build.0 = Debug|Any CPU
		{44147910-93D4-4C65-A832-D745A8E9FF42}.Release|Any CPU.ActiveCfg = Release|Any CPU
		{44147910-93D4-4C65-A832-D745A8E9FF42}.Release|Any CPU.Build.0 = Release|Any CPU
		{8FA22E6A-6957-4A37-812A-D979F1537645}.Debug|Any CPU.ActiveCfg = Debug|Any CPU
		{8FA22E6A-6957-4A37-812A-D979F1537645}.Debug|Any CPU.Build.0 = Debug|Any CPU
		{8FA22E6A-6957-4A37-812A-D979F1537645}.Release|Any CPU.ActiveCfg = Release|Any CPU
		{8FA22E6A-6957-4A37-812A-D979F1537645}.Release|Any CPU.Build.0 = Release|Any CPU
	EndGlobalSection
	GlobalSection(SolutionProperties) = preSolution
		HideSolutionNode = FALSE
	EndGlobalSection
	GlobalSection(ExtensibilityGlobals) = postSolution
		SolutionGuid = {7FBCB1E9-E26B-49E7-9844-47679C754347}
	EndGlobalSection
EndGlobal
